
Microsoft Visual Studio Solution File, Format Version 12.00
# Visual Studio Version 17
VisualStudioVersion = 17.3.32901.215
MinimumVisualStudioVersion = 10.0.40219.1
Project("{FAE04EC0-301F-11D3-BF4B-00C04F79EFBC}") = "DCTest", "DCTest.csproj", "{0D1C1393-1EB8-4EC7-BF63-A719DA3DFB24}"
EndProject
Global
	GlobalSection(SolutionConfigurationPlatforms) = preSolution
		Debug|Any CPU = Debug|Any CPU
		Release|Any CPU = Release|Any CPU
	EndGlobalSection
	GlobalSection(ProjectConfigurationPlatforms) = postSolution
		{0D1C1393-1EB8-4EC7-BF63-A719DA3DFB24}.Debug|Any CPU.ActiveCfg = Debug|Any CPU
		{0D1C1393-1EB8-4EC7-BF63-A719DA3DFB24}.Debug|Any CPU.Build.0 = Debug|Any CPU
		{0D1C1393-1EB8-4EC7-BF63-A719DA3DFB24}.Release|Any CPU.ActiveCfg = Release|Any CPU
		{0D1C1393-1EB8-4EC7-BF63-A719DA3DFB24}.Release|Any CPU.Build.0 = Release|Any CPU
	EndGlobalSection
	GlobalSection(SolutionProperties) = preSolution
		HideSolutionNode = FALSE
	EndGlobalSection
	GlobalSection(ExtensibilityGlobals) = postSolution
		SolutionGuid = {6AF0DB3D-4132-445C-9C24-34F8D6A97BCE}
	EndGlobalSection
EndGlobal
